
Microsoft Visual Studio Solution File, Format Version 12.00
# Visual Studio Version 17
VisualStudioVersion = 17.3.32929.385
MinimumVisualStudioVersion = 10.0.40219.1
Project("{FAE04EC0-301F-11D3-BF4B-00C04F79EFBC}") = "TugasMeet11", "TugasMeet11\TugasMeet11.csproj", "{278AF5CF-721C-42D0-B45A-11FEB73DBF68}"
EndProject
Global
	GlobalSection(SolutionConfigurationPlatforms) = preSolution
		Debug|Any CPU = Debug|Any CPU
		Release|Any CPU = Release|Any CPU
	EndGlobalSection
	GlobalSection(ProjectConfigurationPlatforms) = postSolution
		{278AF5CF-721C-42D0-B45A-11FEB73DBF68}.Debug|Any CPU.ActiveCfg = Debug|Any CPU
		{278AF5CF-721C-42D0-B45A-11FEB73DBF68}.Debug|Any CPU.Build.0 = Debug|Any CPU
		{278AF5CF-721C-42D0-B45A-11FEB73DBF68}.Release|Any CPU.ActiveCfg = Release|Any CPU
		{278AF5CF-721C-42D0-B45A-11FEB73DBF68}.Release|Any CPU.Build.0 = Release|Any CPU
	EndGlobalSection
	GlobalSection(SolutionProperties) = preSolution
		HideSolutionNode = FALSE
	EndGlobalSection
	GlobalSection(ExtensibilityGlobals) = postSolution
		SolutionGuid = {9D578BA6-ECA6-4AB0-931F-211D719B4826}
	EndGlobalSection
EndGlobal
